
Microsoft Visual Studio Solution File, Format Version 11.00
# Visual Studio 2010
Project("{FAE04EC0-301F-11D3-BF4B-00C04F79EFBC}") = "Web", "src\app\Web\Web.csproj", "{7ECE5E5C-0867-44EF-8711-C67E1FD3FA1E}"
EndProject
Project("{FAE04EC0-301F-11D3-BF4B-00C04F79EFBC}") = "Specs", "src\specs\Specs.csproj", "{68048045-BF5F-40A3-A2B2-A934A85087F6}"
EndProject
Project("{FAE04EC0-301F-11D3-BF4B-00C04F79EFBC}") = "Web.Tests", "src\tests\Web.Tests\Web.Tests.csproj", "{AA11FA81-4BED-4923-820A-C9A6ADB9837C}"
EndProject
Project("{FAE04EC0-301F-11D3-BF4B-00C04F79EFBC}") = "Model", "src\app\Model\Model.csproj", "{BFE347A9-971C-4C8D-A82D-7093D75BDDEA}"
EndProject
Project("{FAE04EC0-301F-11D3-BF4B-00C04F79EFBC}") = "Model.Tests", "src\tests\Model.Tests\Model.Tests.csproj", "{B13231D7-F25A-45C0-A314-C176FC7059E0}"
EndProject
Project("{2150E333-8FDC-42A3-9474-1A3956D46DE8}") = "Tests", "Tests", "{D4E4107D-52CC-4751-A976-71AC66ADB5B1}"
EndProject
Project("{FAE04EC0-301F-11D3-BF4B-00C04F79EFBC}") = "DataImporter", "src\utils\DataImporter\DataImporter.csproj", "{FAF581D8-AA82-40FB-B955-31F4FB15ED32}"
EndProject
Global
	GlobalSection(SolutionConfigurationPlatforms) = preSolution
		Debug|Any CPU = Debug|Any CPU
		Release|Any CPU = Release|Any CPU
	EndGlobalSection
	GlobalSection(ProjectConfigurationPlatforms) = postSolution
		{7ECE5E5C-0867-44EF-8711-C67E1FD3FA1E}.Debug|Any CPU.ActiveCfg = Debug|Any CPU
		{7ECE5E5C-0867-44EF-8711-C67E1FD3FA1E}.Debug|Any CPU.Build.0 = Debug|Any CPU
		{7ECE5E5C-0867-44EF-8711-C67E1FD3FA1E}.Release|Any CPU.ActiveCfg = Release|Any CPU
		{7ECE5E5C-0867-44EF-8711-C67E1FD3FA1E}.Release|Any CPU.Build.0 = Release|Any CPU
		{68048045-BF5F-40A3-A2B2-A934A85087F6}.Debug|Any CPU.ActiveCfg = Debug|Any CPU
		{68048045-BF5F-40A3-A2B2-A934A85087F6}.Debug|Any CPU.Build.0 = Debug|Any CPU
		{68048045-BF5F-40A3-A2B2-A934A85087F6}.Release|Any CPU.ActiveCfg = Release|Any CPU
		{68048045-BF5F-40A3-A2B2-A934A85087F6}.Release|Any CPU.Build.0 = Release|Any CPU
		{AA11FA81-4BED-4923-820A-C9A6ADB9837C}.Debug|Any CPU.ActiveCfg = Debug|Any CPU
		{AA11FA81-4BED-4923-820A-C9A6ADB9837C}.Debug|Any CPU.Build.0 = Debug|Any CPU
		{AA11FA81-4BED-4923-820A-C9A6ADB9837C}.Release|Any CPU.ActiveCfg = Release|Any CPU
		{AA11FA81-4BED-4923-820A-C9A6ADB9837C}.Release|Any CPU.Build.0 = Release|Any CPU
		{BFE347A9-971C-4C8D-A82D-7093D75BDDEA}.Debug|Any CPU.ActiveCfg = Debug|Any CPU
		{BFE347A9-971C-4C8D-A82D-7093D75BDDEA}.Debug|Any CPU.Build.0 = Debug|Any CPU
		{BFE347A9-971C-4C8D-A82D-7093D75BDDEA}.Release|Any CPU.ActiveCfg = Release|Any CPU
		{BFE347A9-971C-4C8D-A82D-7093D75BDDEA}.Release|Any CPU.Build.0 = Release|Any CPU
		{B13231D7-F25A-45C0-A314-C176FC7059E0}.Debug|Any CPU.ActiveCfg = Debug|Any CPU
		{B13231D7-F25A-45C0-A314-C176FC7059E0}.Debug|Any CPU.Build.0 = Debug|Any CPU
		{B13231D7-F25A-45C0-A314-C176FC7059E0}.Release|Any CPU.ActiveCfg = Release|Any CPU
		{B13231D7-F25A-45C0-A314-C176FC7059E0}.Release|Any CPU.Build.0 = Release|Any CPU
		{FAF581D8-AA82-40FB-B955-31F4FB15ED32}.Debug|Any CPU.ActiveCfg = Debug|Any CPU
		{FAF581D8-AA82-40FB-B955-31F4FB15ED32}.Debug|Any CPU.Build.0 = Debug|Any CPU
		{FAF581D8-AA82-40FB-B955-31F4FB15ED32}.Release|Any CPU.ActiveCfg = Release|Any CPU
		{FAF581D8-AA82-40FB-B955-31F4FB15ED32}.Release|Any CPU.Build.0 = Release|Any CPU
	EndGlobalSection
	GlobalSection(SolutionProperties) = preSolution
		HideSolutionNode = FALSE
	EndGlobalSection
	GlobalSection(NestedProjects) = preSolution
		{B13231D7-F25A-45C0-A314-C176FC7059E0} = {D4E4107D-52CC-4751-A976-71AC66ADB5B1}
		{AA11FA81-4BED-4923-820A-C9A6ADB9837C} = {D4E4107D-52CC-4751-A976-71AC66ADB5B1}
	EndGlobalSection
EndGlobal
